
Microsoft Visual Studio Solution File, Format Version 12.00
# Visual Studio Version 17
VisualStudioVersion = 17.11.35327.3
MinimumVisualStudioVersion = 10.0.40219.1
Project("{FAE04EC0-301F-11D3-BF4B-00C04F79EFBC}") = "kpz20", "kpz20\kpz20.csproj", "{40C9C121-BD60-48F9-B35C-E8F6A5E7D03E}"
EndProject
Global
	GlobalSection(SolutionConfigurationPlatforms) = preSolution
		Debug|Any CPU = Debug|Any CPU
		Release|Any CPU = Release|Any CPU
	EndGlobalSection
	GlobalSection(ProjectConfigurationPlatforms) = postSolution
		{40C9C121-BD60-48F9-B35C-E8F6A5E7D03E}.Debug|Any CPU.ActiveCfg = Debug|Any CPU
		{40C9C121-BD60-48F9-B35C-E8F6A5E7D03E}.Debug|Any CPU.Build.0 = Debug|Any CPU
		{40C9C121-BD60-48F9-B35C-E8F6A5E7D03E}.Release|Any CPU.ActiveCfg = Release|Any CPU
		{40C9C121-BD60-48F9-B35C-E8F6A5E7D03E}.Release|Any CPU.Build.0 = Release|Any CPU
	EndGlobalSection
	GlobalSection(SolutionProperties) = preSolution
		HideSolutionNode = FALSE
	EndGlobalSection
	GlobalSection(ExtensibilityGlobals) = postSolution
		SolutionGuid = {4C25B8FA-EA4C-4E8D-8DC3-EC027A765399}
	EndGlobalSection
EndGlobal
